// !$*UTF8*$!
{
	archiveVersion = 1;
	classes = {
	};
	objectVersion = 46;
	objects = {

/* Begin PBXBuildFile section */
		05E9B2897E2C08FB29F50C31 /* Pods_giaohanggiareTests.framework in Frameworks */ = {isa = PBXBuildFile; fileRef = 9B9CAFE43102CF8C738279BE /* Pods_giaohanggiareTests.framework */; };
		0F95BFF4B2A012B014D69A57 /* Pods_giaohanggiare.framework in Frameworks */ = {isa = PBXBuildFile; fileRef = 443DDA152D2A67242D7C2937 /* Pods_giaohanggiare.framework */; };
		A2126A011FDFD9E300E6D150 /* UIColor+Mains.swift in Sources */ = {isa = PBXBuildFile; fileRef = A2126A001FDFD9E300E6D150 /* UIColor+Mains.swift */; };
		A2126A031FDFE65F00E6D150 /* SPLoginViewController.swift in Sources */ = {isa = PBXBuildFile; fileRef = A2126A021FDFE65F00E6D150 /* SPLoginViewController.swift */; };
		A2126A051FDFE6B200E6D150 /* SPRegisterViewController.swift in Sources */ = {isa = PBXBuildFile; fileRef = A2126A041FDFE6B200E6D150 /* SPRegisterViewController.swift */; };
		A21646C82060C9AB000FC2D4 /* Examples.swift in Sources */ = {isa = PBXBuildFile; fileRef = A21646C72060C9AB000FC2D4 /* Examples.swift */; };
		A21646CC2060ECB0000FC2D4 /* SPPackageViewModel.swift in Sources */ = {isa = PBXBuildFile; fileRef = A21646CB2060ECB0000FC2D4 /* SPPackageViewModel.swift */; };
		A2193F7D1F7FB428001DE6A3 /* SPStringApp.swift in Sources */ = {isa = PBXBuildFile; fileRef = A2193F7C1F7FB428001DE6A3 /* SPStringApp.swift */; };
		A2402D8C2005F3100049A8B8 /* SPFloatingButton.swift in Sources */ = {isa = PBXBuildFile; fileRef = A2402D8B2005F3100049A8B8 /* SPFloatingButton.swift */; };
		A25DDD662007917E00486954 /* SPListManager.swift in Sources */ = {isa = PBXBuildFile; fileRef = A25DDD652007917E00486954 /* SPListManager.swift */; };
		A266D89D1F8E4F6800AC6968 /* SPTopTabBarView.swift in Sources */ = {isa = PBXBuildFile; fileRef = A266D89C1F8E4F6800AC6968 /* SPTopTabBarView.swift */; };
		A266D8A11F8E62EB00AC6968 /* SPPackageItem.swift in Sources */ = {isa = PBXBuildFile; fileRef = A266D8A01F8E62EB00AC6968 /* SPPackageItem.swift */; };
		A27D38222057700D00099EE9 /* SPSenderInfoViewCell.swift in Sources */ = {isa = PBXBuildFile; fileRef = A27D38212057700D00099EE9 /* SPSenderInfoViewCell.swift */; };
		A27D38242057707500099EE9 /* SPReceiverInfoViewCell.swift in Sources */ = {isa = PBXBuildFile; fileRef = A27D38232057707500099EE9 /* SPReceiverInfoViewCell.swift */; };
		A2863414200452A400F9AE83 /* SPDatabase.swift in Sources */ = {isa = PBXBuildFile; fileRef = A2863413200452A400F9AE83 /* SPDatabase.swift */; };
		A2863416200456C000F9AE83 /* SPKeyDatabase.swift in Sources */ = {isa = PBXBuildFile; fileRef = A2863415200456C000F9AE83 /* SPKeyDatabase.swift */; };
		A286341920047C0000F9AE83 /* SPLoadingView.swift in Sources */ = {isa = PBXBuildFile; fileRef = A286341820047C0000F9AE83 /* SPLoadingView.swift */; };
		A286341C200480FA00F9AE83 /* SPAPIServer.swift in Sources */ = {isa = PBXBuildFile; fileRef = A286341B200480FA00F9AE83 /* SPAPIServer.swift */; };
		A292EA6C1FD8FAD000679213 /* UIView+Anchors.swift in Sources */ = {isa = PBXBuildFile; fileRef = A292EA6A1FD8FAD000679213 /* UIView+Anchors.swift */; };
		A292EA6D1FD8FAD000679213 /* UIView+Constraint.swift in Sources */ = {isa = PBXBuildFile; fileRef = A292EA6B1FD8FAD000679213 /* UIView+Constraint.swift */; };
		A29F361F2056900B00BDFD9F /* Localizable.strings in Resources */ = {isa = PBXBuildFile; fileRef = A29F36212056900B00BDFD9F /* Localizable.strings */; };
		A29F36272056918B00BDFD9F /* SPPackageManager.swift in Sources */ = {isa = PBXBuildFile; fileRef = A29F36262056918B00BDFD9F /* SPPackageManager.swift */; };
		A29F36292056919E00BDFD9F /* SPUserManager.swift in Sources */ = {isa = PBXBuildFile; fileRef = A29F36282056919E00BDFD9F /* SPUserManager.swift */; };
		A2C1B09F2015F2E400F0689F /* SPEditSenderViewController.swift in Sources */ = {isa = PBXBuildFile; fileRef = A2C1B09E2015F2E400F0689F /* SPEditSenderViewController.swift */; };
		A2CE9C011FEE2D7400727E85 /* icon_customer.png in Resources */ = {isa = PBXBuildFile; fileRef = A2CE9C001FEE2D7400727E85 /* icon_customer.png */; };
		A2CE9C051FEE2E4F00727E85 /* icon_address.png in Resources */ = {isa = PBXBuildFile; fileRef = A2CE9C021FEE2E4F00727E85 /* icon_address.png */; };
		A2CE9C061FEE2E4F00727E85 /* icon_date.png in Resources */ = {isa = PBXBuildFile; fileRef = A2CE9C031FEE2E4F00727E85 /* icon_date.png */; };
		A2CE9C071FEE2E4F00727E85 /* icon_pay.png in Resources */ = {isa = PBXBuildFile; fileRef = A2CE9C041FEE2E4F00727E85 /* icon_pay.png */; };
		A2D494D01FD840F7008D62B9 /* SPNewPackageViewController.swift in Sources */ = {isa = PBXBuildFile; fileRef = A2D494CF1FD840F7008D62B9 /* SPNewPackageViewController.swift */; };
		A2D494D21FD846F9008D62B9 /* SPCollectionView.swift in Sources */ = {isa = PBXBuildFile; fileRef = A2D494D11FD846F9008D62B9 /* SPCollectionView.swift */; };
		A2E32F4D1F77E1D100E7546F /* AppDelegate.swift in Sources */ = {isa = PBXBuildFile; fileRef = A2E32F4C1F77E1D100E7546F /* AppDelegate.swift */; };
		A2E32F521F77E1D100E7546F /* Main.storyboard in Resources */ = {isa = PBXBuildFile; fileRef = A2E32F501F77E1D100E7546F /* Main.storyboard */; };
		A2E32F541F77E1D100E7546F /* Assets.xcassets in Resources */ = {isa = PBXBuildFile; fileRef = A2E32F531F77E1D100E7546F /* Assets.xcassets */; };
		A2E32F571F77E1D100E7546F /* LaunchScreen.storyboard in Resources */ = {isa = PBXBuildFile; fileRef = A2E32F551F77E1D100E7546F /* LaunchScreen.storyboard */; };
		A2E32F621F77E1D200E7546F /* giaohanggiareTests.swift in Sources */ = {isa = PBXBuildFile; fileRef = A2E32F611F77E1D200E7546F /* giaohanggiareTests.swift */; };
		A2E32F701F77E2CC00E7546F /* BaseViewController.swift in Sources */ = {isa = PBXBuildFile; fileRef = A2E32F6F1F77E2CC00E7546F /* BaseViewController.swift */; };
		A2E32F731F77E2F200E7546F /* HomeViewController.swift in Sources */ = {isa = PBXBuildFile; fileRef = A2E32F721F77E2F200E7546F /* HomeViewController.swift */; };
		A2E32F771F77E34600E7546F /* SPTableView.swift in Sources */ = {isa = PBXBuildFile; fileRef = A2E32F761F77E34600E7546F /* SPTableView.swift */; };
		A2E4C51B205FB698006FE22C /* SPUserInfoItem.swift in Sources */ = {isa = PBXBuildFile; fileRef = A2E4C51A205FB698006FE22C /* SPUserInfoItem.swift */; };
/* End PBXBuildFile section */

/* Begin PBXContainerItemProxy section */
		A2E32F5E1F77E1D200E7546F /* PBXContainerItemProxy */ = {
			isa = PBXContainerItemProxy;
			containerPortal = A2E32F411F77E1D100E7546F /* Project object */;
			proxyType = 1;
			remoteGlobalIDString = A2E32F481F77E1D100E7546F;
			remoteInfo = giaohanggiare;
		};
/* End PBXContainerItemProxy section */

/* Begin PBXFileReference section */
		411A6FEE989E04B883D03C3A /* Pods-giaohanggiareTests.release.xcconfig */ = {isa = PBXFileReference; includeInIndex = 1; lastKnownFileType = text.xcconfig; name = "Pods-giaohanggiareTests.release.xcconfig"; path = "Pods/Target Support Files/Pods-giaohanggiareTests/Pods-giaohanggiareTests.release.xcconfig"; sourceTree = "<group>"; };
		443DDA152D2A67242D7C2937 /* Pods_giaohanggiare.framework */ = {isa = PBXFileReference; explicitFileType = wrapper.framework; includeInIndex = 0; path = Pods_giaohanggiare.framework; sourceTree = BUILT_PRODUCTS_DIR; };
		71131170AC57764C858BEA2E /* Pods-giaohanggiare.debug.xcconfig */ = {isa = PBXFileReference; includeInIndex = 1; lastKnownFileType = text.xcconfig; name = "Pods-giaohanggiare.debug.xcconfig"; path = "Pods/Target Support Files/Pods-giaohanggiare/Pods-giaohanggiare.debug.xcconfig"; sourceTree = "<group>"; };
		9B9CAFE43102CF8C738279BE /* Pods_giaohanggiareTests.framework */ = {isa = PBXFileReference; explicitFileType = wrapper.framework; includeInIndex = 0; path = Pods_giaohanggiareTests.framework; sourceTree = BUILT_PRODUCTS_DIR; };
		A2126A001FDFD9E300E6D150 /* UIColor+Mains.swift */ = {isa = PBXFileReference; fileEncoding = 4; lastKnownFileType = sourcecode.swift; path = "UIColor+Mains.swift"; sourceTree = "<group>"; };
		A2126A021FDFE65F00E6D150 /* SPLoginViewController.swift */ = {isa = PBXFileReference; fileEncoding = 4; lastKnownFileType = sourcecode.swift; path = SPLoginViewController.swift; sourceTree = "<group>"; };
		A2126A041FDFE6B200E6D150 /* SPRegisterViewController.swift */ = {isa = PBXFileReference; fileEncoding = 4; lastKnownFileType = sourcecode.swift; path = SPRegisterViewController.swift; sourceTree = "<group>"; };
		A21646C72060C9AB000FC2D4 /* Examples.swift */ = {isa = PBXFileReference; lastKnownFileType = sourcecode.swift; path = Examples.swift; sourceTree = "<group>"; };
		A21646CB2060ECB0000FC2D4 /* SPPackageViewModel.swift */ = {isa = PBXFileReference; lastKnownFileType = sourcecode.swift; path = SPPackageViewModel.swift; sourceTree = "<group>"; };
		A2193F7C1F7FB428001DE6A3 /* SPStringApp.swift */ = {isa = PBXFileReference; fileEncoding = 4; lastKnownFileType = sourcecode.swift; path = SPStringApp.swift; sourceTree = "<group>"; };
		A2402D8B2005F3100049A8B8 /* SPFloatingButton.swift */ = {isa = PBXFileReference; fileEncoding = 4; lastKnownFileType = sourcecode.swift; path = SPFloatingButton.swift; sourceTree = "<group>"; };
		A25DDD652007917E00486954 /* SPListManager.swift */ = {isa = PBXFileReference; lastKnownFileType = sourcecode.swift; path = SPListManager.swift; sourceTree = "<group>"; };
		A266D89C1F8E4F6800AC6968 /* SPTopTabBarView.swift */ = {isa = PBXFileReference; fileEncoding = 4; lastKnownFileType = sourcecode.swift; path = SPTopTabBarView.swift; sourceTree = "<group>"; };
		A266D8A01F8E62EB00AC6968 /* SPPackageItem.swift */ = {isa = PBXFileReference; fileEncoding = 4; lastKnownFileType = sourcecode.swift; path = SPPackageItem.swift; sourceTree = "<group>"; };
		A27D38212057700D00099EE9 /* SPSenderInfoViewCell.swift */ = {isa = PBXFileReference; lastKnownFileType = sourcecode.swift; path = SPSenderInfoViewCell.swift; sourceTree = "<group>"; };
		A27D38232057707500099EE9 /* SPReceiverInfoViewCell.swift */ = {isa = PBXFileReference; lastKnownFileType = sourcecode.swift; path = SPReceiverInfoViewCell.swift; sourceTree = "<group>"; };
		A2863413200452A400F9AE83 /* SPDatabase.swift */ = {isa = PBXFileReference; fileEncoding = 4; lastKnownFileType = sourcecode.swift; path = SPDatabase.swift; sourceTree = "<group>"; };
		A2863415200456C000F9AE83 /* SPKeyDatabase.swift */ = {isa = PBXFileReference; fileEncoding = 4; lastKnownFileType = sourcecode.swift; path = SPKeyDatabase.swift; sourceTree = "<group>"; };
		A286341820047C0000F9AE83 /* SPLoadingView.swift */ = {isa = PBXFileReference; fileEncoding = 4; lastKnownFileType = sourcecode.swift; path = SPLoadingView.swift; sourceTree = "<group>"; };
		A286341B200480FA00F9AE83 /* SPAPIServer.swift */ = {isa = PBXFileReference; fileEncoding = 4; lastKnownFileType = sourcecode.swift; path = SPAPIServer.swift; sourceTree = "<group>"; };
		A292EA6A1FD8FAD000679213 /* UIView+Anchors.swift */ = {isa = PBXFileReference; fileEncoding = 4; lastKnownFileType = sourcecode.swift; path = "UIView+Anchors.swift"; sourceTree = "<group>"; };
		A292EA6B1FD8FAD000679213 /* UIView+Constraint.swift */ = {isa = PBXFileReference; fileEncoding = 4; lastKnownFileType = sourcecode.swift; path = "UIView+Constraint.swift"; sourceTree = "<group>"; };
		A29F36202056900B00BDFD9F /* Base */ = {isa = PBXFileReference; lastKnownFileType = text.plist.strings; name = Base; path = Base.lproj/Localizable.strings; sourceTree = "<group>"; };
		A29F36222056900F00BDFD9F /* en */ = {isa = PBXFileReference; lastKnownFileType = text.plist.strings; name = en; path = en.lproj/Localizable.strings; sourceTree = "<group>"; };
		A29F36232056901B00BDFD9F /* vi */ = {isa = PBXFileReference; lastKnownFileType = text.plist.strings; name = vi; path = vi.lproj/Main.strings; sourceTree = "<group>"; };
		A29F36242056901B00BDFD9F /* vi */ = {isa = PBXFileReference; lastKnownFileType = text.plist.strings; name = vi; path = vi.lproj/LaunchScreen.strings; sourceTree = "<group>"; };
		A29F36252056901B00BDFD9F /* vi */ = {isa = PBXFileReference; lastKnownFileType = text.plist.strings; name = vi; path = vi.lproj/Localizable.strings; sourceTree = "<group>"; };
		A29F36262056918B00BDFD9F /* SPPackageManager.swift */ = {isa = PBXFileReference; fileEncoding = 4; lastKnownFileType = sourcecode.swift; path = SPPackageManager.swift; sourceTree = "<group>"; };
		A29F36282056919E00BDFD9F /* SPUserManager.swift */ = {isa = PBXFileReference; fileEncoding = 4; lastKnownFileType = sourcecode.swift; path = SPUserManager.swift; sourceTree = "<group>"; };
		A2C1B09E2015F2E400F0689F /* SPEditSenderViewController.swift */ = {isa = PBXFileReference; lastKnownFileType = sourcecode.swift; path = SPEditSenderViewController.swift; sourceTree = "<group>"; };
		A2CE9C001FEE2D7400727E85 /* icon_customer.png */ = {isa = PBXFileReference; lastKnownFileType = image.png; path = icon_customer.png; sourceTree = "<group>"; };
		A2CE9C021FEE2E4F00727E85 /* icon_address.png */ = {isa = PBXFileReference; lastKnownFileType = image.png; path = icon_address.png; sourceTree = "<group>"; };
		A2CE9C031FEE2E4F00727E85 /* icon_date.png */ = {isa = PBXFileReference; lastKnownFileType = image.png; path = icon_date.png; sourceTree = "<group>"; };
		A2CE9C041FEE2E4F00727E85 /* icon_pay.png */ = {isa = PBXFileReference; lastKnownFileType = image.png; path = icon_pay.png; sourceTree = "<group>"; };
		A2D494CF1FD840F7008D62B9 /* SPNewPackageViewController.swift */ = {isa = PBXFileReference; fileEncoding = 4; lastKnownFileType = sourcecode.swift; path = SPNewPackageViewController.swift; sourceTree = "<group>"; };
		A2D494D11FD846F9008D62B9 /* SPCollectionView.swift */ = {isa = PBXFileReference; fileEncoding = 4; lastKnownFileType = sourcecode.swift; path = SPCollectionView.swift; sourceTree = "<group>"; };
		A2E32F491F77E1D100E7546F /* giaohanggiare.app */ = {isa = PBXFileReference; explicitFileType = wrapper.application; includeInIndex = 0; path = giaohanggiare.app; sourceTree = BUILT_PRODUCTS_DIR; };
		A2E32F4C1F77E1D100E7546F /* AppDelegate.swift */ = {isa = PBXFileReference; lastKnownFileType = sourcecode.swift; path = AppDelegate.swift; sourceTree = "<group>"; };
		A2E32F511F77E1D100E7546F /* Base */ = {isa = PBXFileReference; lastKnownFileType = file.storyboard; name = Base; path = Base.lproj/Main.storyboard; sourceTree = "<group>"; };
		A2E32F531F77E1D100E7546F /* Assets.xcassets */ = {isa = PBXFileReference; lastKnownFileType = folder.assetcatalog; path = Assets.xcassets; sourceTree = "<group>"; };
		A2E32F561F77E1D100E7546F /* Base */ = {isa = PBXFileReference; lastKnownFileType = file.storyboard; name = Base; path = Base.lproj/LaunchScreen.storyboard; sourceTree = "<group>"; };
		A2E32F5D1F77E1D200E7546F /* giaohanggiareTests.xctest */ = {isa = PBXFileReference; explicitFileType = wrapper.cfbundle; includeInIndex = 0; path = giaohanggiareTests.xctest; sourceTree = BUILT_PRODUCTS_DIR; };
		A2E32F611F77E1D200E7546F /* giaohanggiareTests.swift */ = {isa = PBXFileReference; lastKnownFileType = sourcecode.swift; path = giaohanggiareTests.swift; sourceTree = "<group>"; };
		A2E32F631F77E1D200E7546F /* Info.plist */ = {isa = PBXFileReference; lastKnownFileType = text.plist.xml; path = Info.plist; sourceTree = "<group>"; };
		A2E32F6F1F77E2CC00E7546F /* BaseViewController.swift */ = {isa = PBXFileReference; fileEncoding = 4; lastKnownFileType = sourcecode.swift; path = BaseViewController.swift; sourceTree = "<group>"; };
		A2E32F721F77E2F200E7546F /* HomeViewController.swift */ = {isa = PBXFileReference; fileEncoding = 4; lastKnownFileType = sourcecode.swift; path = HomeViewController.swift; sourceTree = "<group>"; };
		A2E32F761F77E34600E7546F /* SPTableView.swift */ = {isa = PBXFileReference; fileEncoding = 4; lastKnownFileType = sourcecode.swift; path = SPTableView.swift; sourceTree = "<group>"; };
		A2E4C51A205FB698006FE22C /* SPUserInfoItem.swift */ = {isa = PBXFileReference; lastKnownFileType = sourcecode.swift; path = SPUserInfoItem.swift; sourceTree = "<group>"; };
		E0BC1BD895A785A01AC6EA89 /* Pods-giaohanggiare.release.xcconfig */ = {isa = PBXFileReference; includeInIndex = 1; lastKnownFileType = text.xcconfig; name = "Pods-giaohanggiare.release.xcconfig"; path = "Pods/Target Support Files/Pods-giaohanggiare/Pods-giaohanggiare.release.xcconfig"; sourceTree = "<group>"; };
		EB8BEE33E328D1AECE55C7D5 /* Pods-giaohanggiareTests.debug.xcconfig */ = {isa = PBXFileReference; includeInIndex = 1; lastKnownFileType = text.xcconfig; name = "Pods-giaohanggiareTests.debug.xcconfig"; path = "Pods/Target Support Files/Pods-giaohanggiareTests/Pods-giaohanggiareTests.debug.xcconfig"; sourceTree = "<group>"; };
/* End PBXFileReference section */

/* Begin PBXFrameworksBuildPhase section */
		A2E32F461F77E1D100E7546F /* Frameworks */ = {
			isa = PBXFrameworksBuildPhase;
			buildActionMask = 2147483647;
			files = (
				0F95BFF4B2A012B014D69A57 /* Pods_giaohanggiare.framework in Frameworks */,
			);
			runOnlyForDeploymentPostprocessing = 0;
		};
		A2E32F5A1F77E1D200E7546F /* Frameworks */ = {
			isa = PBXFrameworksBuildPhase;
			buildActionMask = 2147483647;
			files = (
				05E9B2897E2C08FB29F50C31 /* Pods_giaohanggiareTests.framework in Frameworks */,
			);
			runOnlyForDeploymentPostprocessing = 0;
		};
/* End PBXFrameworksBuildPhase section */

/* Begin PBXGroup section */
		1F8CBF7388F9B99E238D12D1 /* Pods */ = {
			isa = PBXGroup;
			children = (
				71131170AC57764C858BEA2E /* Pods-giaohanggiare.debug.xcconfig */,
				E0BC1BD895A785A01AC6EA89 /* Pods-giaohanggiare.release.xcconfig */,
				EB8BEE33E328D1AECE55C7D5 /* Pods-giaohanggiareTests.debug.xcconfig */,
				411A6FEE989E04B883D03C3A /* Pods-giaohanggiareTests.release.xcconfig */,
			);
			name = Pods;
			sourceTree = "<group>";
		};
		A21269FC1FDFD83400E6D150 /* user */ = {
			isa = PBXGroup;
			children = (
				A2126A021FDFE65F00E6D150 /* SPLoginViewController.swift */,
				A2126A041FDFE6B200E6D150 /* SPRegisterViewController.swift */,
			);
			path = user;
			sourceTree = "<group>";
		};
		A21269FF1FDFD99900E6D150 /* colors */ = {
			isa = PBXGroup;
			children = (
				A2126A001FDFD9E300E6D150 /* UIColor+Mains.swift */,
			);
			path = colors;
			sourceTree = "<group>";
		};
		A21646C92060EC8F000FC2D4 /* viewmodels */ = {
			isa = PBXGroup;
			children = (
				A21646CA2060EC97000FC2D4 /* package */,
			);
			path = viewmodels;
			sourceTree = "<group>";
		};
		A21646CA2060EC97000FC2D4 /* package */ = {
			isa = PBXGroup;
			children = (
				A21646CB2060ECB0000FC2D4 /* SPPackageViewModel.swift */,
			);
			path = package;
			sourceTree = "<group>";
		};
		A25DDD642007915D00486954 /* list */ = {
			isa = PBXGroup;
			children = (
				A25DDD652007917E00486954 /* SPListManager.swift */,
			);
			path = list;
			sourceTree = "<group>";
		};
		A266D89B1F8E4F1D00AC6968 /* tabtar */ = {
			isa = PBXGroup;
			children = (
				A266D89C1F8E4F6800AC6968 /* SPTopTabBarView.swift */,
			);
			name = tabtar;
			path = tabbar;
			sourceTree = "<group>";
		};
		A266D89E1F8E628F00AC6968 /* models */ = {
			isa = PBXGroup;
			children = (
				A2E4C519205FB64D006FE22C /* user */,
				A266D89F1F8E629D00AC6968 /* package */,
				A21646C72060C9AB000FC2D4 /* Examples.swift */,
			);
			path = models;
			sourceTree = "<group>";
		};
		A266D89F1F8E629D00AC6968 /* package */ = {
			isa = PBXGroup;
			children = (
				A266D8A01F8E62EB00AC6968 /* SPPackageItem.swift */,
			);
			path = package;
			sourceTree = "<group>";
		};
		A27D382020576FCC00099EE9 /* cell */ = {
			isa = PBXGroup;
			children = (
				A27D38212057700D00099EE9 /* SPSenderInfoViewCell.swift */,
				A27D38232057707500099EE9 /* SPReceiverInfoViewCell.swift */,
			);
			path = cell;
			sourceTree = "<group>";
		};
		A28634112004522900F9AE83 /* shares */ = {
			isa = PBXGroup;
			children = (
				A29F360520567F0C00BDFD9F /* user */,
				A29F3602205669FD00BDFD9F /* package */,
				A25DDD642007915D00486954 /* list */,
				A286341A200480C200F9AE83 /* api */,
				A28634122004525300F9AE83 /* database */,
			);
			path = shares;
			sourceTree = "<group>";
		};
		A28634122004525300F9AE83 /* database */ = {
			isa = PBXGroup;
			children = (
				A2863413200452A400F9AE83 /* SPDatabase.swift */,
			);
			path = database;
			sourceTree = "<group>";
		};
		A286341720047BC600F9AE83 /* loading */ = {
			isa = PBXGroup;
			children = (
				A286341820047C0000F9AE83 /* SPLoadingView.swift */,
			);
			path = loading;
			sourceTree = "<group>";
		};
		A286341A200480C200F9AE83 /* api */ = {
			isa = PBXGroup;
			children = (
				A286341B200480FA00F9AE83 /* SPAPIServer.swift */,
			);
			path = api;
			sourceTree = "<group>";
		};
		A292EA681FD8FAB100679213 /* extensions */ = {
			isa = PBXGroup;
			children = (
				A21269FF1FDFD99900E6D150 /* colors */,
				A292EA691FD8FAC300679213 /* views */,
			);
			path = extensions;
			sourceTree = "<group>";
		};
		A292EA691FD8FAC300679213 /* views */ = {
			isa = PBXGroup;
			children = (
				A292EA6A1FD8FAD000679213 /* UIView+Anchors.swift */,
				A292EA6B1FD8FAD000679213 /* UIView+Constraint.swift */,
			);
			path = views;
			sourceTree = "<group>";
		};
		A29F3602205669FD00BDFD9F /* package */ = {
			isa = PBXGroup;
			children = (
				A29F36262056918B00BDFD9F /* SPPackageManager.swift */,
			);
			path = package;
			sourceTree = "<group>";
		};
		A29F360520567F0C00BDFD9F /* user */ = {
			isa = PBXGroup;
			children = (
				A29F36282056919E00BDFD9F /* SPUserManager.swift */,
			);
			path = user;
			sourceTree = "<group>";
		};
		A2CE9BFE1FEE2CE300727E85 /* resources */ = {
			isa = PBXGroup;
			children = (
				A2CE9BFF1FEE2CF200727E85 /* images */,
			);
			path = resources;
			sourceTree = "<group>";
		};
		A2CE9BFF1FEE2CF200727E85 /* images */ = {
			isa = PBXGroup;
			children = (
				A2CE9C021FEE2E4F00727E85 /* icon_address.png */,
				A2CE9C031FEE2E4F00727E85 /* icon_date.png */,
				A2CE9C041FEE2E4F00727E85 /* icon_pay.png */,
				A2CE9C001FEE2D7400727E85 /* icon_customer.png */,
			);
			path = images;
			sourceTree = "<group>";
		};
		A2D494CE1FD840B1008D62B9 /* package */ = {
			isa = PBXGroup;
			children = (
				A2D494CF1FD840F7008D62B9 /* SPNewPackageViewController.swift */,
				A2C1B09E2015F2E400F0689F /* SPEditSenderViewController.swift */,
			);
			path = package;
			sourceTree = "<group>";
		};
		A2E32F401F77E1D100E7546F = {
			isa = PBXGroup;
			children = (
				A2E32F4B1F77E1D100E7546F /* giaohanggiare */,
				A2E32F601F77E1D200E7546F /* giaohanggiareTests */,
				A2E32F4A1F77E1D100E7546F /* Products */,
				1F8CBF7388F9B99E238D12D1 /* Pods */,
				B00D54A575EBF69BCD921DD5 /* Frameworks */,
			);
			sourceTree = "<group>";
		};
		A2E32F4A1F77E1D100E7546F /* Products */ = {
			isa = PBXGroup;
			children = (
				A2E32F491F77E1D100E7546F /* giaohanggiare.app */,
				A2E32F5D1F77E1D200E7546F /* giaohanggiareTests.xctest */,
			);
			name = Products;
			sourceTree = "<group>";
		};
		A2E32F4B1F77E1D100E7546F /* giaohanggiare */ = {
			isa = PBXGroup;
			children = (
				A2CE9BFE1FEE2CE300727E85 /* resources */,
				A2E32F6D1F77E27600E7546F /* sources */,
				A2E32F4C1F77E1D100E7546F /* AppDelegate.swift */,
				A2E32F501F77E1D100E7546F /* Main.storyboard */,
				A2E32F531F77E1D100E7546F /* Assets.xcassets */,
				A2E32F551F77E1D100E7546F /* LaunchScreen.storyboard */,
				A29F36212056900B00BDFD9F /* Localizable.strings */,
			);
			path = giaohanggiare;
			sourceTree = "<group>";
		};
		A2E32F601F77E1D200E7546F /* giaohanggiareTests */ = {
			isa = PBXGroup;
			children = (
				A2E32F611F77E1D200E7546F /* giaohanggiareTests.swift */,
				A2E32F631F77E1D200E7546F /* Info.plist */,
			);
			path = giaohanggiareTests;
			sourceTree = "<group>";
		};
		A2E32F6C1F77E23C00E7546F /* controllers */ = {
			isa = PBXGroup;
			children = (
				A21269FC1FDFD83400E6D150 /* user */,
				A2D494CE1FD840B1008D62B9 /* package */,
				A2E32F711F77E2D200E7546F /* home */,
				A2E32F6E1F77E2AB00E7546F /* base */,
			);
			path = controllers;
			sourceTree = "<group>";
		};
		A2E32F6D1F77E27600E7546F /* sources */ = {
			isa = PBXGroup;
			children = (
				A21646C92060EC8F000FC2D4 /* viewmodels */,
				A28634112004522900F9AE83 /* shares */,
				A292EA681FD8FAB100679213 /* extensions */,
				A266D89E1F8E628F00AC6968 /* models */,
				A2E32F781F77E48300E7546F /* instances */,
				A2E32F741F77E2F800E7546F /* views */,
				A2E32F6C1F77E23C00E7546F /* controllers */,
			);
			path = sources;
			sourceTree = "<group>";
		};
		A2E32F6E1F77E2AB00E7546F /* base */ = {
			isa = PBXGroup;
			children = (
				A2E32F6F1F77E2CC00E7546F /* BaseViewController.swift */,
			);
			path = base;
			sourceTree = "<group>";
		};
		A2E32F711F77E2D200E7546F /* home */ = {
			isa = PBXGroup;
			children = (
				A2E32F721F77E2F200E7546F /* HomeViewController.swift */,
			);
			path = home;
			sourceTree = "<group>";
		};
		A2E32F741F77E2F800E7546F /* views */ = {
			isa = PBXGroup;
			children = (
				A27D382020576FCC00099EE9 /* cell */,
				A2F7D448200C75C70022D910 /* external */,
				A286341720047BC600F9AE83 /* loading */,
				A266D89B1F8E4F1D00AC6968 /* tabtar */,
				A2E32F751F77E30A00E7546F /* customs */,
			);
			path = views;
			sourceTree = "<group>";
		};
		A2E32F751F77E30A00E7546F /* customs */ = {
			isa = PBXGroup;
			children = (
				A2E32F761F77E34600E7546F /* SPTableView.swift */,
				A2D494D11FD846F9008D62B9 /* SPCollectionView.swift */,
				A2402D8B2005F3100049A8B8 /* SPFloatingButton.swift */,
			);
			path = customs;
			sourceTree = "<group>";
		};
		A2E32F781F77E48300E7546F /* instances */ = {
			isa = PBXGroup;
			children = (
				A2193F7C1F7FB428001DE6A3 /* SPStringApp.swift */,
				A2863415200456C000F9AE83 /* SPKeyDatabase.swift */,
			);
			path = instances;
			sourceTree = "<group>";
		};
		A2E4C519205FB64D006FE22C /* user */ = {
			isa = PBXGroup;
			children = (
				A2E4C51A205FB698006FE22C /* SPUserInfoItem.swift */,
			);
			path = user;
			sourceTree = "<group>";
		};
		A2F7D448200C75C70022D910 /* external */ = {
			isa = PBXGroup;
			children = (
			);
			path = external;
			sourceTree = "<group>";
		};
		B00D54A575EBF69BCD921DD5 /* Frameworks */ = {
			isa = PBXGroup;
			children = (
				443DDA152D2A67242D7C2937 /* Pods_giaohanggiare.framework */,
				9B9CAFE43102CF8C738279BE /* Pods_giaohanggiareTests.framework */,
			);
			name = Frameworks;
			sourceTree = "<group>";
		};
/* End PBXGroup section */

/* Begin PBXNativeTarget section */
		A2E32F481F77E1D100E7546F /* giaohanggiare */ = {
			isa = PBXNativeTarget;
			buildConfigurationList = A2E32F661F77E1D200E7546F /* Build configuration list for PBXNativeTarget "giaohanggiare" */;
			buildPhases = (
				D1FBBC3B9027CFEE437B9A44 /* [CP] Check Pods Manifest.lock */,
				A2E32F451F77E1D100E7546F /* Sources */,
				A2E32F461F77E1D100E7546F /* Frameworks */,
				A2E32F471F77E1D100E7546F /* Resources */,
				D7B44EE60D8B748179A9989F /* [CP] Embed Pods Frameworks */,
				F18522CFA822CDE37CB6BC56 /* [CP] Copy Pods Resources */,
			);
			buildRules = (
			);
			dependencies = (
			);
			name = giaohanggiare;
			productName = giaohanggiare;
			productReference = A2E32F491F77E1D100E7546F /* giaohanggiare.app */;
			productType = "com.apple.product-type.application";
		};
		A2E32F5C1F77E1D200E7546F /* giaohanggiareTests */ = {
			isa = PBXNativeTarget;
			buildConfigurationList = A2E32F691F77E1D200E7546F /* Build configuration list for PBXNativeTarget "giaohanggiareTests" */;
			buildPhases = (
				95B1DAA80CF181430B080ABB /* [CP] Check Pods Manifest.lock */,
				A2E32F591F77E1D200E7546F /* Sources */,
				A2E32F5A1F77E1D200E7546F /* Frameworks */,
				A2E32F5B1F77E1D200E7546F /* Resources */,
				54E4857B0B55CFDEAAF9C129 /* [CP] Embed Pods Frameworks */,
				50D26F940C5179BD48F5250F /* [CP] Copy Pods Resources */,
			);
			buildRules = (
			);
			dependencies = (
				A2E32F5F1F77E1D200E7546F /* PBXTargetDependency */,
			);
			name = giaohanggiareTests;
			productName = giaohanggiareTests;
			productReference = A2E32F5D1F77E1D200E7546F /* giaohanggiareTests.xctest */;
			productType = "com.apple.product-type.bundle.unit-test";
		};
/* End PBXNativeTarget section */

/* Begin PBXProject section */
		A2E32F411F77E1D100E7546F /* Project object */ = {
			isa = PBXProject;
			attributes = {
				LastSwiftUpdateCheck = 0830;
				LastUpgradeCheck = 0920;
				ORGANIZATIONNAME = "Quan Tran";
				TargetAttributes = {
					A2E32F481F77E1D100E7546F = {
						CreatedOnToolsVersion = 8.3.2;
						DevelopmentTeam = V5C8AC5L6S;
						ProvisioningStyle = Automatic;
					};
					A2E32F5C1F77E1D200E7546F = {
						CreatedOnToolsVersion = 8.3.2;
						DevelopmentTeam = V5C8AC5L6S;
						ProvisioningStyle = Automatic;
						TestTargetID = A2E32F481F77E1D100E7546F;
					};
				};
			};
			buildConfigurationList = A2E32F441F77E1D100E7546F /* Build configuration list for PBXProject "giaohanggiare" */;
			compatibilityVersion = "Xcode 3.2";
			developmentRegion = English;
			hasScannedForEncodings = 0;
			knownRegions = (
				en,
				Base,
				vi,
			);
			mainGroup = A2E32F401F77E1D100E7546F;
			productRefGroup = A2E32F4A1F77E1D100E7546F /* Products */;
			projectDirPath = "";
			projectRoot = "";
			targets = (
				A2E32F481F77E1D100E7546F /* giaohanggiare */,
				A2E32F5C1F77E1D200E7546F /* giaohanggiareTests */,
			);
		};
/* End PBXProject section */

/* Begin PBXResourcesBuildPhase section */
		A2E32F471F77E1D100E7546F /* Resources */ = {
			isa = PBXResourcesBuildPhase;
			buildActionMask = 2147483647;
			files = (
				A2CE9C071FEE2E4F00727E85 /* icon_pay.png in Resources */,
				A2E32F571F77E1D100E7546F /* LaunchScreen.storyboard in Resources */,
				A2CE9C051FEE2E4F00727E85 /* icon_address.png in Resources */,
				A2CE9C061FEE2E4F00727E85 /* icon_date.png in Resources */,
				A2E32F541F77E1D100E7546F /* Assets.xcassets in Resources */,
				A29F361F2056900B00BDFD9F /* Localizable.strings in Resources */,
				A2CE9C011FEE2D7400727E85 /* icon_customer.png in Resources */,
				A2E32F521F77E1D100E7546F /* Main.storyboard in Resources */,
			);
			runOnlyForDeploymentPostprocessing = 0;
		};
		A2E32F5B1F77E1D200E7546F /* Resources */ = {
			isa = PBXResourcesBuildPhase;
			buildActionMask = 2147483647;
			files = (
			);
			runOnlyForDeploymentPostprocessing = 0;
		};
/* End PBXResourcesBuildPhase section */

/* Begin PBXShellScriptBuildPhase section */
		50D26F940C5179BD48F5250F /* [CP] Copy Pods Resources */ = {
			isa = PBXShellScriptBuildPhase;
			buildActionMask = 2147483647;
			files = (
			);
			inputPaths = (
			);
			name = "[CP] Copy Pods Resources";
			outputPaths = (
			);
			runOnlyForDeploymentPostprocessing = 0;
			shellPath = /bin/sh;
			shellScript = "\"${SRCROOT}/Pods/Target Support Files/Pods-giaohanggiareTests/Pods-giaohanggiareTests-resources.sh\"\n";
			showEnvVarsInLog = 0;
		};
		54E4857B0B55CFDEAAF9C129 /* [CP] Embed Pods Frameworks */ = {
			isa = PBXShellScriptBuildPhase;
			buildActionMask = 2147483647;
			files = (
			);
			inputPaths = (
			);
			name = "[CP] Embed Pods Frameworks";
			outputPaths = (
			);
			runOnlyForDeploymentPostprocessing = 0;
			shellPath = /bin/sh;
			shellScript = "\"${SRCROOT}/Pods/Target Support Files/Pods-giaohanggiareTests/Pods-giaohanggiareTests-frameworks.sh\"\n";
			showEnvVarsInLog = 0;
		};
		95B1DAA80CF181430B080ABB /* [CP] Check Pods Manifest.lock */ = {
			isa = PBXShellScriptBuildPhase;
			buildActionMask = 2147483647;
			files = (
			);
			inputPaths = (
				"${PODS_PODFILE_DIR_PATH}/Podfile.lock",
				"${PODS_ROOT}/Manifest.lock",
			);
			name = "[CP] Check Pods Manifest.lock";
			outputPaths = (
				"$(DERIVED_FILE_DIR)/Pods-giaohanggiareTests-checkManifestLockResult.txt",
			);
			runOnlyForDeploymentPostprocessing = 0;
			shellPath = /bin/sh;
			shellScript = "diff \"${PODS_PODFILE_DIR_PATH}/Podfile.lock\" \"${PODS_ROOT}/Manifest.lock\" > /dev/null\nif [ $? != 0 ] ; then\n    # print error to STDERR\n    echo \"error: The sandbox is not in sync with the Podfile.lock. Run 'pod install' or update your CocoaPods installation.\" >&2\n    exit 1\nfi\n# This output is used by Xcode 'outputs' to avoid re-running this script phase.\necho \"SUCCESS\" > \"${SCRIPT_OUTPUT_FILE_0}\"\n";
			showEnvVarsInLog = 0;
		};
		D1FBBC3B9027CFEE437B9A44 /* [CP] Check Pods Manifest.lock */ = {
			isa = PBXShellScriptBuildPhase;
			buildActionMask = 2147483647;
			files = (
			);
			inputPaths = (
				"${PODS_PODFILE_DIR_PATH}/Podfile.lock",
				"${PODS_ROOT}/Manifest.lock",
			);
			name = "[CP] Check Pods Manifest.lock";
			outputPaths = (
				"$(DERIVED_FILE_DIR)/Pods-giaohanggiare-checkManifestLockResult.txt",
			);
			runOnlyForDeploymentPostprocessing = 0;
			shellPath = /bin/sh;
			shellScript = "diff \"${PODS_PODFILE_DIR_PATH}/Podfile.lock\" \"${PODS_ROOT}/Manifest.lock\" > /dev/null\nif [ $? != 0 ] ; then\n    # print error to STDERR\n    echo \"error: The sandbox is not in sync with the Podfile.lock. Run 'pod install' or update your CocoaPods installation.\" >&2\n    exit 1\nfi\n# This output is used by Xcode 'outputs' to avoid re-running this script phase.\necho \"SUCCESS\" > \"${SCRIPT_OUTPUT_FILE_0}\"\n";
			showEnvVarsInLog = 0;
		};
		D7B44EE60D8B748179A9989F /* [CP] Embed Pods Frameworks */ = {
			isa = PBXShellScriptBuildPhase;
			buildActionMask = 2147483647;
			files = (
			);
			inputPaths = (
				"${SRCROOT}/Pods/Target Support Files/Pods-giaohanggiare/Pods-giaohanggiare-frameworks.sh",
				"${BUILT_PRODUCTS_DIR}/NVActivityIndicatorView/NVActivityIndicatorView.framework",
			);
			name = "[CP] Embed Pods Frameworks";
			outputPaths = (
				"${TARGET_BUILD_DIR}/${FRAMEWORKS_FOLDER_PATH}/NVActivityIndicatorView.framework",
			);
			runOnlyForDeploymentPostprocessing = 0;
			shellPath = /bin/sh;
			shellScript = "\"${SRCROOT}/Pods/Target Support Files/Pods-giaohanggiare/Pods-giaohanggiare-frameworks.sh\"\n";
			showEnvVarsInLog = 0;
		};
		F18522CFA822CDE37CB6BC56 /* [CP] Copy Pods Resources */ = {
			isa = PBXShellScriptBuildPhase;
			buildActionMask = 2147483647;
			files = (
			);
			inputPaths = (
			);
			name = "[CP] Copy Pods Resources";
			outputPaths = (
			);
			runOnlyForDeploymentPostprocessing = 0;
			shellPath = /bin/sh;
			shellScript = "\"${SRCROOT}/Pods/Target Support Files/Pods-giaohanggiare/Pods-giaohanggiare-resources.sh\"\n";
			showEnvVarsInLog = 0;
		};
/* End PBXShellScriptBuildPhase section */

/* Begin PBXSourcesBuildPhase section */
		A2E32F451F77E1D100E7546F /* Sources */ = {
			isa = PBXSourcesBuildPhase;
			buildActionMask = 2147483647;
			files = (
				A2C1B09F2015F2E400F0689F /* SPEditSenderViewController.swift in Sources */,
				A266D89D1F8E4F6800AC6968 /* SPTopTabBarView.swift in Sources */,
				A2D494D21FD846F9008D62B9 /* SPCollectionView.swift in Sources */,
				A29F36292056919E00BDFD9F /* SPUserManager.swift in Sources */,
				A2126A051FDFE6B200E6D150 /* SPRegisterViewController.swift in Sources */,
				A2E32F771F77E34600E7546F /* SPTableView.swift in Sources */,
				A2E4C51B205FB698006FE22C /* SPUserInfoItem.swift in Sources */,
				A2E32F4D1F77E1D100E7546F /* AppDelegate.swift in Sources */,
				A2126A031FDFE65F00E6D150 /* SPLoginViewController.swift in Sources */,
				A29F36272056918B00BDFD9F /* SPPackageManager.swift in Sources */,
				A286341C200480FA00F9AE83 /* SPAPIServer.swift in Sources */,
				A2E32F701F77E2CC00E7546F /* BaseViewController.swift in Sources */,
				A25DDD662007917E00486954 /* SPListManager.swift in Sources */,
				A2193F7D1F7FB428001DE6A3 /* SPStringApp.swift in Sources */,
				A2E32F731F77E2F200E7546F /* HomeViewController.swift in Sources */,
				A292EA6C1FD8FAD000679213 /* UIView+Anchors.swift in Sources */,
				A21646C82060C9AB000FC2D4 /* Examples.swift in Sources */,
				A2D494D01FD840F7008D62B9 /* SPNewPackageViewController.swift in Sources */,
				A27D38222057700D00099EE9 /* SPSenderInfoViewCell.swift in Sources */,
				A266D8A11F8E62EB00AC6968 /* SPPackageItem.swift in Sources */,
				A2126A011FDFD9E300E6D150 /* UIColor+Mains.swift in Sources */,
				A2402D8C2005F3100049A8B8 /* SPFloatingButton.swift in Sources */,
				A21646CC2060ECB0000FC2D4 /* SPPackageViewModel.swift in Sources */,
				A286341920047C0000F9AE83 /* SPLoadingView.swift in Sources */,
				A292EA6D1FD8FAD000679213 /* UIView+Constraint.swift in Sources */,
				A27D38242057707500099EE9 /* SPReceiverInfoViewCell.swift in Sources */,
				A2863414200452A400F9AE83 /* SPDatabase.swift in Sources */,
				A2863416200456C000F9AE83 /* SPKeyDatabase.swift in Sources */,
			);
			runOnlyForDeploymentPostprocessing = 0;
		};
		A2E32F591F77E1D200E7546F /* Sources */ = {
			isa = PBXSourcesBuildPhase;
			buildActionMask = 2147483647;
			files = (
				A2E32F621F77E1D200E7546F /* giaohanggiareTests.swift in Sources */,
			);
			runOnlyForDeploymentPostprocessing = 0;
		};
/* End PBXSourcesBuildPhase section */

/* Begin PBXTargetDependency section */
		A2E32F5F1F77E1D200E7546F /* PBXTargetDependency */ = {
			isa = PBXTargetDependency;
			target = A2E32F481F77E1D100E7546F /* giaohanggiare */;
			targetProxy = A2E32F5E1F77E1D200E7546F /* PBXContainerItemProxy */;
		};
/* End PBXTargetDependency section */

/* Begin PBXVariantGroup section */
		A29F36212056900B00BDFD9F /* Localizable.strings */ = {
			isa = PBXVariantGroup;
			children = (
				A29F36202056900B00BDFD9F /* Base */,
				A29F36222056900F00BDFD9F /* en */,
				A29F36252056901B00BDFD9F /* vi */,
			);
			name = Localizable.strings;
			sourceTree = "<group>";
		};
		A2E32F501F77E1D100E7546F /* Main.storyboard */ = {
			isa = PBXVariantGroup;
			children = (
				A2E32F511F77E1D100E7546F /* Base */,
				A29F36232056901B00BDFD9F /* vi */,
			);
			name = Main.storyboard;
			sourceTree = "<group>";
		};
		A2E32F551F77E1D100E7546F /* LaunchScreen.storyboard */ = {
			isa = PBXVariantGroup;
			children = (
				A2E32F561F77E1D100E7546F /* Base */,
				A29F36242056901B00BDFD9F /* vi */,
			);
			name = LaunchScreen.storyboard;
			sourceTree = "<group>";
		};
/* End PBXVariantGroup section */

/* Begin XCBuildConfiguration section */
		A2E32F641F77E1D200E7546F /* Debug */ = {
			isa = XCBuildConfiguration;
			buildSettings = {
				ALWAYS_SEARCH_USER_PATHS = NO;
				CLANG_ANALYZER_LOCALIZABILITY_NONLOCALIZED = YES;
				CLANG_ANALYZER_NONNULL = YES;
				CLANG_ANALYZER_NUMBER_OBJECT_CONVERSION = YES_AGGRESSIVE;
				CLANG_CXX_LANGUAGE_STANDARD = "gnu++0x";
				CLANG_CXX_LIBRARY = "libc++";
				CLANG_ENABLE_MODULES = YES;
				CLANG_ENABLE_OBJC_ARC = YES;
				CLANG_WARN_BLOCK_CAPTURE_AUTORELEASING = YES;
				CLANG_WARN_BOOL_CONVERSION = YES;
				CLANG_WARN_COMMA = YES;
				CLANG_WARN_CONSTANT_CONVERSION = YES;
				CLANG_WARN_DIRECT_OBJC_ISA_USAGE = YES_ERROR;
				CLANG_WARN_DOCUMENTATION_COMMENTS = YES;
				CLANG_WARN_EMPTY_BODY = YES;
				CLANG_WARN_ENUM_CONVERSION = YES;
				CLANG_WARN_INFINITE_RECURSION = YES;
				CLANG_WARN_INT_CONVERSION = YES;
				CLANG_WARN_NON_LITERAL_NULL_CONVERSION = YES;
				CLANG_WARN_OBJC_LITERAL_CONVERSION = YES;
				CLANG_WARN_OBJC_ROOT_CLASS = YES_ERROR;
				CLANG_WARN_RANGE_LOOP_ANALYSIS = YES;
				CLANG_WARN_STRICT_PROTOTYPES = YES;
				CLANG_WARN_SUSPICIOUS_MOVE = YES;
				CLANG_WARN_UNREACHABLE_CODE = YES;
				CLANG_WARN__DUPLICATE_METHOD_MATCH = YES;
				"CODE_SIGN_IDENTITY[sdk=iphoneos*]" = "iPhone Developer";
				COPY_PHASE_STRIP = NO;
				DEBUG_INFORMATION_FORMAT = dwarf;
				ENABLE_STRICT_OBJC_MSGSEND = YES;
				ENABLE_TESTABILITY = YES;
				GCC_C_LANGUAGE_STANDARD = gnu99;
				GCC_DYNAMIC_NO_PIC = NO;
				GCC_NO_COMMON_BLOCKS = YES;
				GCC_OPTIMIZATION_LEVEL = 0;
				GCC_PREPROCESSOR_DEFINITIONS = (
					"DEBUG=1",
					"$(inherited)",
				);
				GCC_WARN_64_TO_32_BIT_CONVERSION = YES;
				GCC_WARN_ABOUT_RETURN_TYPE = YES_ERROR;
				GCC_WARN_UNDECLARED_SELECTOR = YES;
				GCC_WARN_UNINITIALIZED_AUTOS = YES_AGGRESSIVE;
				GCC_WARN_UNUSED_FUNCTION = YES;
				GCC_WARN_UNUSED_VARIABLE = YES;
				IPHONEOS_DEPLOYMENT_TARGET = 10.3;
				MTL_ENABLE_DEBUG_INFO = YES;
				ONLY_ACTIVE_ARCH = YES;
				SDKROOT = iphoneos;
				SWIFT_ACTIVE_COMPILATION_CONDITIONS = DEBUG;
				SWIFT_OPTIMIZATION_LEVEL = "-Onone";
				TARGETED_DEVICE_FAMILY = "1,2";
			};
			name = Debug;
		};
		A2E32F651F77E1D200E7546F /* Release */ = {
			isa = XCBuildConfiguration;
			buildSettings = {
				ALWAYS_SEARCH_USER_PATHS = NO;
				CLANG_ANALYZER_LOCALIZABILITY_NONLOCALIZED = YES;
				CLANG_ANALYZER_NONNULL = YES;
				CLANG_ANALYZER_NUMBER_OBJECT_CONVERSION = YES_AGGRESSIVE;
				CLANG_CXX_LANGUAGE_STANDARD = "gnu++0x";
				CLANG_CXX_LIBRARY = "libc++";
				CLANG_ENABLE_MODULES = YES;
				CLANG_ENABLE_OBJC_ARC = YES;
				CLANG_WARN_BLOCK_CAPTURE_AUTORELEASING = YES;
				CLANG_WARN_BOOL_CONVERSION = YES;
				CLANG_WARN_COMMA = YES;
				CLANG_WARN_CONSTANT_CONVERSION = YES;
				CLANG_WARN_DIRECT_OBJC_ISA_USAGE = YES_ERROR;
				CLANG_WARN_DOCUMENTATION_COMMENTS = YES;
				CLANG_WARN_EMPTY_BODY = YES;
				CLANG_WARN_ENUM_CONVERSION = YES;
				CLANG_WARN_INFINITE_RECURSION = YES;
				CLANG_WARN_INT_CONVERSION = YES;
				CLANG_WARN_NON_LITERAL_NULL_CONVERSION = YES;
				CLANG_WARN_OBJC_LITERAL_CONVERSION = YES;
				CLANG_WARN_OBJC_ROOT_CLASS = YES_ERROR;
				CLANG_WARN_RANGE_LOOP_ANALYSIS = YES;
				CLANG_WARN_STRICT_PROTOTYPES = YES;
				CLANG_WARN_SUSPICIOUS_MOVE = YES;
				CLANG_WARN_UNREACHABLE_CODE = YES;
				CLANG_WARN__DUPLICATE_METHOD_MATCH = YES;
				"CODE_SIGN_IDENTITY[sdk=iphoneos*]" = "iPhone Developer";
				COPY_PHASE_STRIP = NO;
				DEBUG_INFORMATION_FORMAT = "dwarf-with-dsym";
				ENABLE_NS_ASSERTIONS = NO;
				ENABLE_STRICT_OBJC_MSGSEND = YES;
				GCC_C_LANGUAGE_STANDARD = gnu99;
				GCC_NO_COMMON_BLOCKS = YES;
				GCC_WARN_64_TO_32_BIT_CONVERSION = YES;
				GCC_WARN_ABOUT_RETURN_TYPE = YES_ERROR;
				GCC_WARN_UNDECLARED_SELECTOR = YES;
				GCC_WARN_UNINITIALIZED_AUTOS = YES_AGGRESSIVE;
				GCC_WARN_UNUSED_FUNCTION = YES;
				GCC_WARN_UNUSED_VARIABLE = YES;
				IPHONEOS_DEPLOYMENT_TARGET = 10.3;
				MTL_ENABLE_DEBUG_INFO = NO;
				SDKROOT = iphoneos;
				SWIFT_OPTIMIZATION_LEVEL = "-Owholemodule";
				TARGETED_DEVICE_FAMILY = "1,2";
				VALIDATE_PRODUCT = YES;
			};
			name = Release;
		};
		A2E32F671F77E1D200E7546F /* Debug */ = {
			isa = XCBuildConfiguration;
			baseConfigurationReference = 71131170AC57764C858BEA2E /* Pods-giaohanggiare.debug.xcconfig */;
			buildSettings = {
				ASSETCATALOG_COMPILER_APPICON_NAME = AppIcon;
				DEVELOPMENT_TEAM = V5C8AC5L6S;
				INFOPLIST_FILE = giaohanggiare/Info.plist;
				LD_RUNPATH_SEARCH_PATHS = "$(inherited) @executable_path/Frameworks";
				PRODUCT_BUNDLE_IDENTIFIER = com.quan.giaohanggiare;
				PRODUCT_NAME = "$(TARGET_NAME)";
				SWIFT_VERSION = 3.0;
			};
			name = Debug;
		};
		A2E32F681F77E1D200E7546F /* Release */ = {
			isa = XCBuildConfiguration;
			baseConfigurationReference = E0BC1BD895A785A01AC6EA89 /* Pods-giaohanggiare.release.xcconfig */;
			buildSettings = {
				ASSETCATALOG_COMPILER_APPICON_NAME = AppIcon;
				DEVELOPMENT_TEAM = V5C8AC5L6S;
				INFOPLIST_FILE = giaohanggiare/Info.plist;
				LD_RUNPATH_SEARCH_PATHS = "$(inherited) @executable_path/Frameworks";
				PRODUCT_BUNDLE_IDENTIFIER = com.quan.giaohanggiare;
				PRODUCT_NAME = "$(TARGET_NAME)";
				SWIFT_VERSION = 3.0;
			};
			name = Release;
		};
		A2E32F6A1F77E1D200E7546F /* Debug */ = {
			isa = XCBuildConfiguration;
			baseConfigurationReference = EB8BEE33E328D1AECE55C7D5 /* Pods-giaohanggiareTests.debug.xcconfig */;
			buildSettings = {
				ALWAYS_EMBED_SWIFT_STANDARD_LIBRARIES = YES;
				BUNDLE_LOADER = "$(TEST_HOST)";
				DEVELOPMENT_TEAM = V5C8AC5L6S;
				INFOPLIST_FILE = giaohanggiareTests/Info.plist;
				LD_RUNPATH_SEARCH_PATHS = "$(inherited) @executable_path/Frameworks @loader_path/Frameworks";
				PRODUCT_BUNDLE_IDENTIFIER = com.quan.giaohanggiareTests;
				PRODUCT_NAME = "$(TARGET_NAME)";
				SWIFT_VERSION = 3.0;
				TEST_HOST = "$(BUILT_PRODUCTS_DIR)/giaohanggiare.app/giaohanggiare";
			};
			name = Debug;
		};
		A2E32F6B1F77E1D200E7546F /* Release */ = {
			isa = XCBuildConfiguration;
			baseConfigurationReference = 411A6FEE989E04B883D03C3A /* Pods-giaohanggiareTests.release.xcconfig */;
			buildSettings = {
				ALWAYS_EMBED_SWIFT_STANDARD_LIBRARIES = YES;
				BUNDLE_LOADER = "$(TEST_HOST)";
				DEVELOPMENT_TEAM = V5C8AC5L6S;
				INFOPLIST_FILE = giaohanggiareTests/Info.plist;
				LD_RUNPATH_SEARCH_PATHS = "$(inherited) @executable_path/Frameworks @loader_path/Frameworks";
				PRODUCT_BUNDLE_IDENTIFIER = com.quan.giaohanggiareTests;
				PRODUCT_NAME = "$(TARGET_NAME)";
				SWIFT_VERSION = 3.0;
				TEST_HOST = "$(BUILT_PRODUCTS_DIR)/giaohanggiare.app/giaohanggiare";
			};
			name = Release;
		};
/* End XCBuildConfiguration section */

/* Begin XCConfigurationList section */
		A2E32F441F77E1D100E7546F /* Build configuration list for PBXProject "giaohanggiare" */ = {
			isa = XCConfigurationList;
			buildConfigurations = (
				A2E32F641F77E1D200E7546F /* Debug */,
				A2E32F651F77E1D200E7546F /* Release */,
			);
			defaultConfigurationIsVisible = 0;
			defaultConfigurationName = Release;
		};
		A2E32F661F77E1D200E7546F /* Build configuration list for PBXNativeTarget "giaohanggiare" */ = {
			isa = XCConfigurationList;
			buildConfigurations = (
				A2E32F671F77E1D200E7546F /* Debug */,
				A2E32F681F77E1D200E7546F /* Release */,
			);
			defaultConfigurationIsVisible = 0;
			defaultConfigurationName = Release;
		};
		A2E32F691F77E1D200E7546F /* Build configuration list for PBXNativeTarget "giaohanggiareTests" */ = {
			isa = XCConfigurationList;
			buildConfigurations = (
				A2E32F6A1F77E1D200E7546F /* Debug */,
				A2E32F6B1F77E1D200E7546F /* Release */,
			);
			defaultConfigurationIsVisible = 0;
			defaultConfigurationName = Release;
		};
/* End XCConfigurationList section */
	};
	rootObject = A2E32F411F77E1D100E7546F /* Project object */;
}
